// !$*UTF8*$!
{
	archiveVersion = 1;
	classes = {
	};
	objectVersion = 56;
	objects = {

/* Begin PBXBuildFile section */
		EE8DADDF2B933FBC00967E4E /* Simpson.swift in Sources */ = {isa = PBXBuildFile; fileRef = EE8DADDE2B933FBC00967E4E /* Simpson.swift */; };
		EECE8DD42B927C390077AC9B /* AppDelegate.swift in Sources */ = {isa = PBXBuildFile; fileRef = EECE8DD32B927C390077AC9B /* AppDelegate.swift */; };
		EECE8DD62B927C390077AC9B /* SceneDelegate.swift in Sources */ = {isa = PBXBuildFile; fileRef = EECE8DD52B927C390077AC9B /* SceneDelegate.swift */; };
		EECE8DD82B927C390077AC9B /* ViewController.swift in Sources */ = {isa = PBXBuildFile; fileRef = EECE8DD72B927C390077AC9B /* ViewController.swift */; };
		EECE8DDB2B927C390077AC9B /* Main.storyboard in Resources */ = {isa = PBXBuildFile; fileRef = EECE8DD92B927C390077AC9B /* Main.storyboard */; };
		EECE8DDD2B927C3A0077AC9B /* Assets.xcassets in Resources */ = {isa = PBXBuildFile; fileRef = EECE8DDC2B927C3A0077AC9B /* Assets.xcassets */; };
		EECE8DE02B927C3A0077AC9B /* LaunchScreen.storyboard in Resources */ = {isa = PBXBuildFile; fileRef = EECE8DDE2B927C3A0077AC9B /* LaunchScreen.storyboard */; };
		EECE8DE82B927DBD0077AC9B /* detailsVC.swift in Sources */ = {isa = PBXBuildFile; fileRef = EECE8DE72B927DBD0077AC9B /* detailsVC.swift */; };
/* End PBXBuildFile section */

/* Begin PBXFileReference section */
		EE8DADDE2B933FBC00967E4E /* Simpson.swift */ = {isa = PBXFileReference; lastKnownFileType = sourcecode.swift; path = Simpson.swift; sourceTree = "<group>"; };
		EECE8DD02B927C390077AC9B /* SimpsonBook.app */ = {isa = PBXFileReference; explicitFileType = wrapper.application; includeInIndex = 0; path = SimpsonBook.app; sourceTree = BUILT_PRODUCTS_DIR; };
		EECE8DD32B927C390077AC9B /* AppDelegate.swift */ = {isa = PBXFileReference; lastKnownFileType = sourcecode.swift; path = AppDelegate.swift; sourceTree = "<group>"; };
		EECE8DD52B927C390077AC9B /* SceneDelegate.swift */ = {isa = PBXFileReference; lastKnownFileType = sourcecode.swift; path = SceneDelegate.swift; sourceTree = "<group>"; };
		EECE8DD72B927C390077AC9B /* ViewController.swift */ = {isa = PBXFileReference; lastKnownFileType = sourcecode.swift; path = ViewController.swift; sourceTree = "<group>"; };
		EECE8DDA2B927C390077AC9B /* Base */ = {isa = PBXFileReference; lastKnownFileType = file.storyboard; name = Base; path = Base.lproj/Main.storyboard; sourceTree = "<group>"; };
		EECE8DDC2B927C3A0077AC9B /* Assets.xcassets */ = {isa = PBXFileReference; lastKnownFileType = folder.assetcatalog; path = Assets.xcassets; sourceTree = "<group>"; };
		EECE8DDF2B927C3A0077AC9B /* Base */ = {isa = PBXFileReference; lastKnownFileType = file.storyboard; name = Base; path = Base.lproj/LaunchScreen.storyboard; sourceTree = "<group>"; };
		EECE8DE12B927C3A0077AC9B /* Info.plist */ = {isa = PBXFileReference; lastKnownFileType = text.plist.xml; path = Info.plist; sourceTree = "<group>"; };
		EECE8DE72B927DBD0077AC9B /* detailsVC.swift */ = {isa = PBXFileReference; lastKnownFileType = sourcecode.swift; path = detailsVC.swift; sourceTree = "<group>"; };
/* End PBXFileReference section */

/* Begin PBXFrameworksBuildPhase section */
		EECE8DCD2B927C390077AC9B /* Frameworks */ = {
			isa = PBXFrameworksBuildPhase;
			buildActionMask = 2147483647;
			files = (
			);
			runOnlyForDeploymentPostprocessing = 0;
		};
/* End PBXFrameworksBuildPhase section */

/* Begin PBXGroup section */
		EECE8DC72B927C390077AC9B = {
			isa = PBXGroup;
			children = (
				EECE8DD22B927C390077AC9B /* SimpsonBook */,
				EECE8DD12B927C390077AC9B /* Products */,
			);
			sourceTree = "<group>";
		};
		EECE8DD12B927C390077AC9B /* Products */ = {
			isa = PBXGroup;
			children = (
				EECE8DD02B927C390077AC9B /* SimpsonBook.app */,
			);
			name = Products;
			sourceTree = "<group>";
		};
		EECE8DD22B927C390077AC9B /* SimpsonBook */ = {
			isa = PBXGroup;
			children = (
				EECE8DD32B927C390077AC9B /* AppDelegate.swift */,
				EECE8DD52B927C390077AC9B /* SceneDelegate.swift */,
				EECE8DD72B927C390077AC9B /* ViewController.swift */,
				EECE8DE72B927DBD0077AC9B /* detailsVC.swift */,
				EECE8DD92B927C390077AC9B /* Main.storyboard */,
				EECE8DDC2B927C3A0077AC9B /* Assets.xcassets */,
				EECE8DDE2B927C3A0077AC9B /* LaunchScreen.storyboard */,
				EECE8DE12B927C3A0077AC9B /* Info.plist */,
				EE8DADDE2B933FBC00967E4E /* Simpson.swift */,
			);
			path = SimpsonBook;
			sourceTree = "<group>";
		};
/* End PBXGroup section */

/* Begin PBXNativeTarget section */
		EECE8DCF2B927C390077AC9B /* SimpsonBook */ = {
			isa = PBXNativeTarget;
			buildConfigurationList = EECE8DE42B927C3A0077AC9B /* Build configuration list for PBXNativeTarget "SimpsonBook" */;
			buildPhases = (
				EECE8DCC2B927C390077AC9B /* Sources */,
				EECE8DCD2B927C390077AC9B /* Frameworks */,
				EECE8DCE2B927C390077AC9B /* Resources */,
			);
			buildRules = (
			);
			dependencies = (
			);
			name = SimpsonBook;
			productName = SimpsonBook;
			productReference = EECE8DD02B927C390077AC9B /* SimpsonBook.app */;
			productType = "com.apple.product-type.application";
		};
/* End PBXNativeTarget section */

/* Begin PBXProject section */
		EECE8DC82B927C390077AC9B /* Project object */ = {
			isa = PBXProject;
			attributes = {
				BuildIndependentTargetsInParallel = 1;
				LastSwiftUpdateCheck = 1520;
				LastUpgradeCheck = 1520;
				TargetAttributes = {
					EECE8DCF2B927C390077AC9B = {
						CreatedOnToolsVersion = 15.2;
					};
				};
			};
			buildConfigurationList = EECE8DCB2B927C390077AC9B /* Build configuration list for PBXProject "SimpsonBook" */;
			compatibilityVersion = "Xcode 14.0";
			developmentRegion = en;
			hasScannedForEncodings = 0;
			knownRegions = (
				en,
				Base,
			);
			mainGroup = EECE8DC72B927C390077AC9B;
			productRefGroup = EECE8DD12B927C390077AC9B /* Products */;
			projectDirPath = "";
			projectRoot = "";
			targets = (
				EECE8DCF2B927C390077AC9B /* SimpsonBook */,
			);
		};
/* End PBXProject section */

/* Begin PBXResourcesBuildPhase section */
		EECE8DCE2B927C390077AC9B /* Resources */ = {
			isa = PBXResourcesBuildPhase;
			buildActionMask = 2147483647;
			files = (
				EECE8DE02B927C3A0077AC9B /* LaunchScreen.storyboard in Resources */,
				EECE8DDD2B927C3A0077AC9B /* Assets.xcassets in Resources */,
				EECE8DDB2B927C390077AC9B /* Main.storyboard in Resources */,
			);
			runOnlyForDeploymentPostprocessing = 0;
		};
/* End PBXResourcesBuildPhase section */

/* Begin PBXSourcesBuildPhase section */
		EECE8DCC2B927C390077AC9B /* Sources */ = {
			isa = PBXSourcesBuildPhase;
			buildActionMask = 2147483647;
			files = (
				EECE8DD82B927C390077AC9B /* ViewController.swift in Sources */,
				EECE8DE82B927DBD0077AC9B /* detailsVC.swift in Sources */,
				EECE8DD42B927C390077AC9B /* AppDelegate.swift in Sources */,
				EECE8DD62B927C390077AC9B /* SceneDelegate.swift in Sources */,
				EE8DADDF2B933FBC00967E4E /* Simpson.swift in Sources */,
			);
			runOnlyForDeploymentPostprocessing = 0;
		};
/* End PBXSourcesBuildPhase section */

/* Begin PBXVariantGroup section */
		EECE8DD92B927C390077AC9B /* Main.storyboard */ = {
			isa = PBXVariantGroup;
			children = (
				EECE8DDA2B927C390077AC9B /* Base */,
			);
			name = Main.storyboard;
			sourceTree = "<group>";
		};
		EECE8DDE2B927C3A0077AC9B /* LaunchScreen.storyboard */ = {
			isa = PBXVariantGroup;
			children = (
				EECE8DDF2B927C3A0077AC9B /* Base */,
			);
			name = LaunchScreen.storyboard;
			sourceTree = "<group>";
		};
/* End PBXVariantGroup section */

/* Begin XCBuildConfiguration section */
		EECE8DE22B927C3A0077AC9B /* Debug */ = {
			isa = XCBuildConfiguration;
			buildSettings = {
				ALWAYS_SEARCH_USER_PATHS = NO;
				ASSETCATALOG_COMPILER_GENERATE_SWIFT_ASSET_SYMBOL_EXTENSIONS = YES;
				CLANG_ANALYZER_NONNULL = YES;
				CLANG_ANALYZER_NUMBER_OBJECT_CONVERSION = YES_AGGRESSIVE;
				CLANG_CXX_LANGUAGE_STANDARD = "gnu++20";
				CLANG_ENABLE_MODULES = YES;
				CLANG_ENABLE_OBJC_ARC = YES;
				CLANG_ENABLE_OBJC_WEAK = YES;
				CLANG_WARN_BLOCK_CAPTURE_AUTORELEASING = YES;
				CLANG_WARN_BOOL_CONVERSION = YES;
				CLANG_WARN_COMMA = YES;
				CLANG_WARN_CONSTANT_CONVERSION = YES;
				CLANG_WARN_DEPRECATED_OBJC_IMPLEMENTATIONS = YES;
				CLANG_WARN_DIRECT_OBJC_ISA_USAGE = YES_ERROR;
				CLANG_WARN_DOCUMENTATION_COMMENTS = YES;
				CLANG_WARN_EMPTY_BODY = YES;
				CLANG_WARN_ENUM_CONVERSION = YES;
				CLANG_WARN_INFINITE_RECURSION = YES;
				CLANG_WARN_INT_CONVERSION = YES;
				CLANG_WARN_NON_LITERAL_NULL_CONVERSION = YES;
				CLANG_WARN_OBJC_IMPLICIT_RETAIN_SELF = YES;
				CLANG_WARN_OBJC_LITERAL_CONVERSION = YES;
				CLANG_WARN_OBJC_ROOT_CLASS = YES_ERROR;
				CLANG_WARN_QUOTED_INCLUDE_IN_FRAMEWORK_HEADER = YES;
				CLANG_WARN_RANGE_LOOP_ANALYSIS = YES;
				CLANG_WARN_STRICT_PROTOTYPES = YES;
				CLANG_WARN_SUSPICIOUS_MOVE = YES;
				CLANG_WARN_UNGUARDED_AVAILABILITY = YES_AGGRESSIVE;
				CLANG_WARN_UNREACHABLE_CODE = YES;
				CLANG_WARN__DUPLICATE_METHOD_MATCH = YES;
				COPY_PHASE_STRIP = NO;
				DEBUG_INFORMATION_FORMAT = dwarf;
				ENABLE_STRICT_OBJC_MSGSEND = YES;
				ENABLE_TESTABILITY = YES;
				ENABLE_USER_SCRIPT_SANDBOXING = YES;
				GCC_C_LANGUAGE_STANDARD = gnu17;
				GCC_DYNAMIC_NO_PIC = NO;
				GCC_NO_COMMON_BLOCKS = YES;
				GCC_OPTIMIZATION_LEVEL = 0;
				GCC_PREPROCESSOR_DEFINITIONS = (
					"DEBUG=1",
					"$(inherited)",
				);
				GCC_WARN_64_TO_32_BIT_CONVERSION = YES;
				GCC_WARN_ABOUT_RETURN_TYPE = YES_ERROR;
				GCC_WARN_UNDECLARED_SELECTOR = YES;
				GCC_WARN_UNINITIALIZED_AUTOS = YES_AGGRESSIVE;
				GCC_WARN_UNUSED_FUNCTION = YES;
				GCC_WARN_UNUSED_VARIABLE = YES;
				IPHONEOS_DEPLOYMENT_TARGET = 17.2;
				LOCALIZATION_PREFERS_STRING_CATALOGS = YES;
				MTL_ENABLE_DEBUG_INFO = INCLUDE_SOURCE;
				MTL_FAST_MATH = YES;
				ONLY_ACTIVE_ARCH = YES;
				SDKROOT = iphoneos;
				SWIFT_ACTIVE_COMPILATION_CONDITIONS = "DEBUG $(inherited)";
				SWIFT_OPTIMIZATION_LEVEL = "-Onone";
			};
			name = Debug;
		};
		EECE8DE32B927C3A0077AC9B /* Release */ = {
			isa = XCBuildConfiguration;
			buildSettings = {
				ALWAYS_SEARCH_USER_PATHS = NO;
				ASSETCATALOG_COMPILER_GENERATE_SWIFT_ASSET_SYMBOL_EXTENSIONS = YES;
				CLANG_ANALYZER_NONNULL = YES;
				CLANG_ANALYZER_NUMBER_OBJECT_CONVERSION = YES_AGGRESSIVE;
				CLANG_CXX_LANGUAGE_STANDARD = "gnu++20";
				CLANG_ENABLE_MODULES = YES;
				CLANG_ENABLE_OBJC_ARC = YES;
				CLANG_ENABLE_OBJC_WEAK = YES;
				CLANG_WARN_BLOCK_CAPTURE_AUTORELEASING = YES;
				CLANG_WARN_BOOL_CONVERSION = YES;
				CLANG_WARN_COMMA = YES;
				CLANG_WARN_CONSTANT_CONVERSION = YES;
				CLANG_WARN_DEPRECATED_OBJC_IMPLEMENTATIONS = YES;
				CLANG_WARN_DIRECT_OBJC_ISA_USAGE = YES_ERROR;
				CLANG_WARN_DOCUMENTATION_COMMENTS = YES;
				CLANG_WARN_EMPTY_BODY = YES;
				CLANG_WARN_ENUM_CONVERSION = YES;
				CLANG_WARN_INFINITE_RECURSION = YES;
				CLANG_WARN_INT_CONVERSION = YES;
				CLANG_WARN_NON_LITERAL_NULL_CONVERSION = YES;
				CLANG_WARN_OBJC_IMPLICIT_RETAIN_SELF = YES;
				CLANG_WARN_OBJC_LITERAL_CONVERSION = YES;
				CLANG_WARN_OBJC_ROOT_CLASS = YES_ERROR;
				CLANG_WARN_QUOTED_INCLUDE_IN_FRAMEWORK_HEADER = YES;
				CLANG_WARN_RANGE_LOOP_ANALYSIS = YES;
				CLANG_WARN_STRICT_PROTOTYPES = YES;
				CLANG_WARN_SUSPICIOUS_MOVE = YES;
				CLANG_WARN_UNGUARDED_AVAILABILITY = YES_AGGRESSIVE;
				CLANG_WARN_UNREACHABLE_CODE = YES;
				CLANG_WARN__DUPLICATE_METHOD_MATCH = YES;
				COPY_PHASE_STRIP = NO;
				DEBUG_INFORMATION_FORMAT = "dwarf-with-dsym";
				ENABLE_NS_ASSERTIONS = NO;
				ENABLE_STRICT_OBJC_MSGSEND = YES;
				ENABLE_USER_SCRIPT_SANDBOXING = YES;
				GCC_C_LANGUAGE_STANDARD = gnu17;
				GCC_NO_COMMON_BLOCKS = YES;
				GCC_WARN_64_TO_32_BIT_CONVERSION = YES;
				GCC_WARN_ABOUT_RETURN_TYPE = YES_ERROR;
				GCC_WARN_UNDECLARED_SELECTOR = YES;
				GCC_WARN_UNINITIALIZED_AUTOS = YES_AGGRESSIVE;
				GCC_WARN_UNUSED_FUNCTION = YES;
				GCC_WARN_UNUSED_VARIABLE = YES;
				IPHONEOS_DEPLOYMENT_TARGET = 17.2;
				LOCALIZATION_PREFERS_STRING_CATALOGS = YES;
				MTL_ENABLE_DEBUG_INFO = NO;
				MTL_FAST_MATH = YES;
				SDKROOT = iphoneos;
				SWIFT_COMPILATION_MODE = wholemodule;
				VALIDATE_PRODUCT = YES;
			};
			name = Release;
		};
		EECE8DE52B927C3A0077AC9B /* Debug */ = {
			isa = XCBuildConfiguration;
			buildSettings = {
				ASSETCATALOG_COMPILER_APPICON_NAME = AppIcon;
				ASSETCATALOG_COMPILER_GLOBAL_ACCENT_COLOR_NAME = AccentColor;
				CODE_SIGN_STYLE = Automatic;
				CURRENT_PROJECT_VERSION = 1;
				DEVELOPMENT_TEAM = QLY56C66ZN;
				GENERATE_INFOPLIST_FILE = YES;
				INFOPLIST_FILE = SimpsonBook/Info.plist;
				INFOPLIST_KEY_UIApplicationSupportsIndirectInputEvents = YES;
				INFOPLIST_KEY_UILaunchStoryboardName = LaunchScreen;
				INFOPLIST_KEY_UIMainStoryboardFile = Main;
				INFOPLIST_KEY_UISupportedInterfaceOrientations_iPad = "UIInterfaceOrientationPortrait UIInterfaceOrientationPortraitUpsideDown UIInterfaceOrientationLandscapeLeft UIInterfaceOrientationLandscapeRight";
				INFOPLIST_KEY_UISupportedInterfaceOrientations_iPhone = "UIInterfaceOrientationPortrait UIInterfaceOrientationLandscapeLeft UIInterfaceOrientationLandscapeRight";
				LD_RUNPATH_SEARCH_PATHS = (
					"$(inherited)",
					"@executable_path/Frameworks",
				);
				MARKETING_VERSION = 1.0;
				PRODUCT_BUNDLE_IDENTIFIER = com.aleynayerlikaya.SimpsonBook;
				PRODUCT_NAME = "$(TARGET_NAME)";
				SWIFT_EMIT_LOC_STRINGS = YES;
				SWIFT_VERSION = 5.0;
				TARGETED_DEVICE_FAMILY = "1,2";
			};
			name = Debug;
		};
		EECE8DE62B927C3A0077AC9B /* Release */ = {
			isa = XCBuildConfiguration;
			buildSettings = {
				ASSETCATALOG_COMPILER_APPICON_NAME = AppIcon;
				ASSETCATALOG_COMPILER_GLOBAL_ACCENT_COLOR_NAME = AccentColor;
				CODE_SIGN_STYLE = Automatic;
				CURRENT_PROJECT_VERSION = 1;
				DEVELOPMENT_TEAM = QLY56C66ZN;
				GENERATE_INFOPLIST_FILE = YES;
				INFOPLIST_FILE = SimpsonBook/Info.plist;
				INFOPLIST_KEY_UIApplicationSupportsIndirectInputEvents = YES;
				INFOPLIST_KEY_UILaunchStoryboardName = LaunchScreen;
				INFOPLIST_KEY_UIMainStoryboardFile = Main;
				INFOPLIST_KEY_UISupportedInterfaceOrientations_iPad = "UIInterfaceOrientationPortrait UIInterfaceOrientationPortraitUpsideDown UIInterfaceOrientationLandscapeLeft UIInterfaceOrientationLandscapeRight";
				INFOPLIST_KEY_UISupportedInterfaceOrientations_iPhone = "UIInterfaceOrientationPortrait UIInterfaceOrientationLandscapeLeft UIInterfaceOrientationLandscapeRight";
				LD_RUNPATH_SEARCH_PATHS = (
					"$(inherited)",
					"@executable_path/Frameworks",
				);
				MARKETING_VERSION = 1.0;
				PRODUCT_BUNDLE_IDENTIFIER = com.aleynayerlikaya.SimpsonBook;
				PRODUCT_NAME = "$(TARGET_NAME)";
				SWIFT_EMIT_LOC_STRINGS = YES;
				SWIFT_VERSION = 5.0;
				TARGETED_DEVICE_FAMILY = "1,2";
			};
			name = Release;
		};
/* End XCBuildConfiguration section */

/* Begin XCConfigurationList section */
		EECE8DCB2B927C390077AC9B /* Build configuration list for PBXProject "SimpsonBook" */ = {
			isa = XCConfigurationList;
			buildConfigurations = (
				EECE8DE22B927C3A0077AC9B /* Debug */,
				EECE8DE32B927C3A0077AC9B /* Release */,
			);
			defaultConfigurationIsVisible = 0;
			defaultConfigurationName = Release;
		};
		EECE8DE42B927C3A0077AC9B /* Build configuration list for PBXNativeTarget "SimpsonBook" */ = {
			isa = XCConfigurationList;
			buildConfigurations = (
				EECE8DE52B927C3A0077AC9B /* Debug */,
				EECE8DE62B927C3A0077AC9B /* Release */,
			);
			defaultConfigurationIsVisible = 0;
			defaultConfigurationName = Release;
		};
/* End XCConfigurationList section */
	};
	rootObject = EECE8DC82B927C390077AC9B /* Project object */;
}
